# This file is generated by running "yarn install" inside your project.
# Manual changes might be lost - proceed with caution!

__metadata:
  version: 6
  cacheKey: 8

"@babel/runtime@npm:^7.1.2":
  version: 7.27.6
  resolution: "@babel/runtime@npm:7.27.6"
  checksum: 3f7b879df1823c0926bd5dbc941c62f5d60faa790c1aab9758c04799e1f04ee8d93553be9ec059d4e5882f19fe03cbe8933ee4f46212dced0f6d8205992c9c9a
  languageName: node
  linkType: hard

"@esbuild/aix-ppc64@npm:0.25.5":
  version: 0.25.5
  resolution: "@esbuild/aix-ppc64@npm:0.25.5"
  conditions: os=aix & cpu=ppc64
  languageName: node
  linkType: hard

"@esbuild/android-arm64@npm:0.25.5":
  version: 0.25.5
  resolution: "@esbuild/android-arm64@npm:0.25.5"
  conditions: os=android & cpu=arm64
  languageName: node
  linkType: hard

"@esbuild/android-arm@npm:0.25.5":
  version: 0.25.5
  resolution: "@esbuild/android-arm@npm:0.25.5"
  conditions: os=android & cpu=arm
  languageName: node
  linkType: hard

"@esbuild/android-x64@npm:0.25.5":
  version: 0.25.5
  resolution: "@esbuild/android-x64@npm:0.25.5"
  conditions: os=android & cpu=x64
  languageName: node
  linkType: hard

"@esbuild/darwin-arm64@npm:0.25.5":
  version: 0.25.5
  resolution: "@esbuild/darwin-arm64@npm:0.25.5"
  conditions: os=darwin & cpu=arm64
  languageName: node
  linkType: hard

"@esbuild/darwin-x64@npm:0.25.5":
  version: 0.25.5
  resolution: "@esbuild/darwin-x64@npm:0.25.5"
  conditions: os=darwin & cpu=x64
  languageName: node
  linkType: hard

"@esbuild/freebsd-arm64@npm:0.25.5":
  version: 0.25.5
  resolution: "@esbuild/freebsd-arm64@npm:0.25.5"
  conditions: os=freebsd & cpu=arm64
  languageName: node
  linkType: hard

"@esbuild/freebsd-x64@npm:0.25.5":
  version: 0.25.5
  resolution: "@esbuild/freebsd-x64@npm:0.25.5"
  conditions: os=freebsd & cpu=x64
  languageName: node
  linkType: hard

"@esbuild/linux-arm64@npm:0.25.5":
  version: 0.25.5
  resolution: "@esbuild/linux-arm64@npm:0.25.5"
  conditions: os=linux & cpu=arm64
  languageName: node
  linkType: hard

"@esbuild/linux-arm@npm:0.25.5":
  version: 0.25.5
  resolution: "@esbuild/linux-arm@npm:0.25.5"
  conditions: os=linux & cpu=arm
  languageName: node
  linkType: hard

"@esbuild/linux-ia32@npm:0.25.5":
  version: 0.25.5
  resolution: "@esbuild/linux-ia32@npm:0.25.5"
  conditions: os=linux & cpu=ia32
  languageName: node
  linkType: hard

"@esbuild/linux-loong64@npm:0.25.5":
  version: 0.25.5
  resolution: "@esbuild/linux-loong64@npm:0.25.5"
  conditions: os=linux & cpu=loong64
  languageName: node
  linkType: hard

"@esbuild/linux-mips64el@npm:0.25.5":
  version: 0.25.5
  resolution: "@esbuild/linux-mips64el@npm:0.25.5"
  conditions: os=linux & cpu=mips64el
  languageName: node
  linkType: hard

"@esbuild/linux-ppc64@npm:0.25.5":
  version: 0.25.5
  resolution: "@esbuild/linux-ppc64@npm:0.25.5"
  conditions: os=linux & cpu=ppc64
  languageName: node
  linkType: hard

"@esbuild/linux-riscv64@npm:0.25.5":
  version: 0.25.5
  resolution: "@esbuild/linux-riscv64@npm:0.25.5"
  conditions: os=linux & cpu=riscv64
  languageName: node
  linkType: hard

"@esbuild/linux-s390x@npm:0.25.5":
  version: 0.25.5
  resolution: "@esbuild/linux-s390x@npm:0.25.5"
  conditions: os=linux & cpu=s390x
  languageName: node
  linkType: hard

"@esbuild/linux-x64@npm:0.25.5":
  version: 0.25.5
  resolution: "@esbuild/linux-x64@npm:0.25.5"
  conditions: os=linux & cpu=x64
  languageName: node
  linkType: hard

"@esbuild/netbsd-arm64@npm:0.25.5":
  version: 0.25.5
  resolution: "@esbuild/netbsd-arm64@npm:0.25.5"
  conditions: os=netbsd & cpu=arm64
  languageName: node
  linkType: hard

"@esbuild/netbsd-x64@npm:0.25.5":
  version: 0.25.5
  resolution: "@esbuild/netbsd-x64@npm:0.25.5"
  conditions: os=netbsd & cpu=x64
  languageName: node
  linkType: hard

"@esbuild/openbsd-arm64@npm:0.25.5":
  version: 0.25.5
  resolution: "@esbuild/openbsd-arm64@npm:0.25.5"
  conditions: os=openbsd & cpu=arm64
  languageName: node
  linkType: hard

"@esbuild/openbsd-x64@npm:0.25.5":
  version: 0.25.5
  resolution: "@esbuild/openbsd-x64@npm:0.25.5"
  conditions: os=openbsd & cpu=x64
  languageName: node
  linkType: hard

"@esbuild/sunos-x64@npm:0.25.5":
  version: 0.25.5
  resolution: "@esbuild/sunos-x64@npm:0.25.5"
  conditions: os=sunos & cpu=x64
  languageName: node
  linkType: hard

"@esbuild/win32-arm64@npm:0.25.5":
  version: 0.25.5
  resolution: "@esbuild/win32-arm64@npm:0.25.5"
  conditions: os=win32 & cpu=arm64
  languageName: node
  linkType: hard

"@esbuild/win32-ia32@npm:0.25.5":
  version: 0.25.5
  resolution: "@esbuild/win32-ia32@npm:0.25.5"
  conditions: os=win32 & cpu=ia32
  languageName: node
  linkType: hard

"@esbuild/win32-x64@npm:0.25.5":
  version: 0.25.5
  resolution: "@esbuild/win32-x64@npm:0.25.5"
  conditions: os=win32 & cpu=x64
  languageName: node
  linkType: hard

"@jridgewell/sourcemap-codec@npm:^1.4.15":
  version: 1.5.0
  resolution: "@jridgewell/sourcemap-codec@npm:1.5.0"
  checksum: 05df4f2538b3b0f998ea4c1cd34574d0feba216fa5d4ccaef0187d12abf82eafe6021cec8b49f9bb4d90f2ba4582ccc581e72986a5fcf4176ae0cfeb04cf52ec
  languageName: node
  linkType: hard

"@mhsdesign/neos-escr-demo-client@workspace:resources/client":
  version: 0.0.0-use.local
  resolution: "@mhsdesign/neos-escr-demo-client@workspace:resources/client"
  dependencies:
    "@types/react": ~19.1
    "@types/react-dom": ~19.1
    react: ~19.1
    react-dom: ~19.1
    react-use: ~17.6
  languageName: unknown
  linkType: soft

"@mhsdesign/neos-escr-demo@workspace:.":
  version: 0.0.0-use.local
  resolution: "@mhsdesign/neos-escr-demo@workspace:."
  dependencies:
    esbuild: ~0.25
  languageName: unknown
  linkType: soft

"@types/js-cookie@npm:^2.2.6":
  version: 2.2.7
  resolution: "@types/js-cookie@npm:2.2.7"
  checksum: 851f47e94ca1fc43661d8f51614d67a613e7810c91b876d0a3b311ce72f7df800107fd02a08cb6948184e12c120b4f058edca2f50424d8798bdcffd6627281e3
  languageName: node
  linkType: hard

"@types/react-dom@npm:~19.1":
  version: 19.1.6
  resolution: "@types/react-dom@npm:19.1.6"
  peerDependencies:
    "@types/react": ^19.0.0
  checksum: b5b20b7f0797f34c5a11915b74dcf8b3b7a9da9fea90279975ce6f150ca5d31bb069dbb0838638a5e9e168098aa4bb4a6f61d078efa1bbb55d7f0bdfe47bb142
  languageName: node
  linkType: hard

"@types/react@npm:~19.1":
  version: 19.1.7
  resolution: "@types/react@npm:19.1.7"
  dependencies:
    csstype: ^3.0.2
  checksum: eb36382960a5c1131d636cecf3449f02d1d1c79a5056bc74fdd3b493165675c4e7fd8a0240629a92d790f7cc103e6a9f54b623fc47d007730143c4039583b637
  languageName: node
  linkType: hard

"@xobotyi/scrollbar-width@npm:^1.9.5":
  version: 1.9.5
  resolution: "@xobotyi/scrollbar-width@npm:1.9.5"
  checksum: e880c8696bd6c7eedaad4e89cc7bcfcd502c22dc6c061288ffa7f5a4fe5dab4aa2358bdd68e7357bf0334dc8b56724ed9bee05e010b60d83a3bb0d855f3d886f
  languageName: node
  linkType: hard

"copy-to-clipboard@npm:^3.3.1":
  version: 3.3.3
  resolution: "copy-to-clipboard@npm:3.3.3"
  dependencies:
    toggle-selection: ^1.0.6
  checksum: e0a325e39b7615108e6c1c8ac110ae7b829cdc4ee3278b1df6a0e4228c490442cc86444cd643e2da344fbc424b3aab8909e2fec82f8bc75e7e5b190b7c24eecf
  languageName: node
  linkType: hard

"css-in-js-utils@npm:^3.1.0":
  version: 3.1.0
  resolution: "css-in-js-utils@npm:3.1.0"
  dependencies:
    hyphenate-style-name: ^1.0.3
  checksum: 066318e918c04a5e5bce46b38fe81052ea6ac051bcc6d3c369a1d59ceb1546cb2b6086901ab5d22be084122ee3732169996a3dfb04d3406eaee205af77aec61b
  languageName: node
  linkType: hard

"css-tree@npm:^1.1.2":
  version: 1.1.3
  resolution: "css-tree@npm:1.1.3"
  dependencies:
    mdn-data: 2.0.14
    source-map: ^0.6.1
  checksum: 79f9b81803991b6977b7fcb1588799270438274d89066ce08f117f5cdb5e20019b446d766c61506dd772c839df84caa16042d6076f20c97187f5abe3b50e7d1f
  languageName: node
  linkType: hard

"csstype@npm:^3.0.2, csstype@npm:^3.1.2":
  version: 3.1.3
  resolution: "csstype@npm:3.1.3"
  checksum: 8db785cc92d259102725b3c694ec0c823f5619a84741b5c7991b8ad135dfaa66093038a1cc63e03361a6cd28d122be48f2106ae72334e067dd619a51f49eddf7
  languageName: node
  linkType: hard

"error-stack-parser@npm:^2.0.6":
  version: 2.1.4
  resolution: "error-stack-parser@npm:2.1.4"
  dependencies:
    stackframe: ^1.3.4
  checksum: 3b916d2d14c6682f287c8bfa28e14672f47eafe832701080e420e7cdbaebb2c50293868256a95706ac2330fe078cf5664713158b49bc30d7a5f2ac229ded0e18
  languageName: node
  linkType: hard

"esbuild@npm:~0.25":
  version: 0.25.5
  resolution: "esbuild@npm:0.25.5"
  dependencies:
    "@esbuild/aix-ppc64": 0.25.5
    "@esbuild/android-arm": 0.25.5
    "@esbuild/android-arm64": 0.25.5
    "@esbuild/android-x64": 0.25.5
    "@esbuild/darwin-arm64": 0.25.5
    "@esbuild/darwin-x64": 0.25.5
    "@esbuild/freebsd-arm64": 0.25.5
    "@esbuild/freebsd-x64": 0.25.5
    "@esbuild/linux-arm": 0.25.5
    "@esbuild/linux-arm64": 0.25.5
    "@esbuild/linux-ia32": 0.25.5
    "@esbuild/linux-loong64": 0.25.5
    "@esbuild/linux-mips64el": 0.25.5
    "@esbuild/linux-ppc64": 0.25.5
    "@esbuild/linux-riscv64": 0.25.5
    "@esbuild/linux-s390x": 0.25.5
    "@esbuild/linux-x64": 0.25.5
    "@esbuild/netbsd-arm64": 0.25.5
    "@esbuild/netbsd-x64": 0.25.5
    "@esbuild/openbsd-arm64": 0.25.5
    "@esbuild/openbsd-x64": 0.25.5
    "@esbuild/sunos-x64": 0.25.5
    "@esbuild/win32-arm64": 0.25.5
    "@esbuild/win32-ia32": 0.25.5
    "@esbuild/win32-x64": 0.25.5
  dependenciesMeta:
    "@esbuild/aix-ppc64":
      optional: true
    "@esbuild/android-arm":
      optional: true
    "@esbuild/android-arm64":
      optional: true
    "@esbuild/android-x64":
      optional: true
    "@esbuild/darwin-arm64":
      optional: true
    "@esbuild/darwin-x64":
      optional: true
    "@esbuild/freebsd-arm64":
      optional: true
    "@esbuild/freebsd-x64":
      optional: true
    "@esbuild/linux-arm":
      optional: true
    "@esbuild/linux-arm64":
      optional: true
    "@esbuild/linux-ia32":
      optional: true
    "@esbuild/linux-loong64":
      optional: true
    "@esbuild/linux-mips64el":
      optional: true
    "@esbuild/linux-ppc64":
      optional: true
    "@esbuild/linux-riscv64":
      optional: true
    "@esbuild/linux-s390x":
      optional: true
    "@esbuild/linux-x64":
      optional: true
    "@esbuild/netbsd-arm64":
      optional: true
    "@esbuild/netbsd-x64":
      optional: true
    "@esbuild/openbsd-arm64":
      optional: true
    "@esbuild/openbsd-x64":
      optional: true
    "@esbuild/sunos-x64":
      optional: true
    "@esbuild/win32-arm64":
      optional: true
    "@esbuild/win32-ia32":
      optional: true
    "@esbuild/win32-x64":
      optional: true
  bin:
    esbuild: bin/esbuild
  checksum: 2aa6f47c27a2f0fbf1e2eeed1df6c5449750ef598b9b49c95d8b654ec04423b70064de4f85a9e879c363402eb4f2fad59f37c996c329df1dc514b10f8ae76dd0
  languageName: node
  linkType: hard

"fast-deep-equal@npm:^3.1.3":
  version: 3.1.3
  resolution: "fast-deep-equal@npm:3.1.3"
  checksum: e21a9d8d84f53493b6aa15efc9cfd53dd5b714a1f23f67fb5dc8f574af80df889b3bce25dc081887c6d25457cce704e636395333abad896ccdec03abaf1f3f9d
  languageName: node
  linkType: hard

"fast-shallow-equal@npm:^1.0.0":
  version: 1.0.0
  resolution: "fast-shallow-equal@npm:1.0.0"
  checksum: ae89318ce43c0c46410d9511ac31520d59cfe675bad3d0b1cb5f900b2d635943d788b8370437178e91ae0d0412decc394229c03e69925ade929a8c02da241610
  languageName: node
  linkType: hard

"fastest-stable-stringify@npm:^2.0.2":
  version: 2.0.2
  resolution: "fastest-stable-stringify@npm:2.0.2"
  checksum: 5e2cb166c7bb6f16ac25a1e4be17f6b8d2923234c80739e12c9d21dea376b3128b2c63f90aa2aae7746cfec4dcf188d1d4eb6a964bb484ca133f17c8e9acfacc
  languageName: node
  linkType: hard

"hyphenate-style-name@npm:^1.0.3":
  version: 1.1.0
  resolution: "hyphenate-style-name@npm:1.1.0"
  checksum: b9ed74e29181d96bd58a2d0e62fc4a19879db591dba268275829ff0ae595fcdf11faafaeaa63330a45c3004664d7db1f0fc7cdb372af8ee4615ed8260302c207
  languageName: node
  linkType: hard

"inline-style-prefixer@npm:^7.0.1":
  version: 7.0.1
  resolution: "inline-style-prefixer@npm:7.0.1"
  dependencies:
    css-in-js-utils: ^3.1.0
  checksum: 07a72573dfdac5e08fa18f5ce71d922861716955e230175ac415db227d9ed49443c764356cb407a92f4c85b30ebf39604165260b4dfbf3196b7736d7332c5c06
  languageName: node
  linkType: hard

"js-cookie@npm:^2.2.1":
  version: 2.2.1
  resolution: "js-cookie@npm:2.2.1"
  checksum: 9b1fb980a1c5e624fd4b28ea4867bb30c71e04c4484bb3a42766344c533faa684de9498e443425479ec68609e96e27b60614bfe354877c449c631529b6d932f2
  languageName: node
  linkType: hard

"mdn-data@npm:2.0.14":
  version: 2.0.14
  resolution: "mdn-data@npm:2.0.14"
  checksum: 9d0128ed425a89f4cba8f787dca27ad9408b5cb1b220af2d938e2a0629d17d879a34d2cb19318bdb26c3f14c77dd5dfbae67211f5caaf07b61b1f2c5c8c7dc16
  languageName: node
  linkType: hard

"nano-css@npm:^5.6.2":
  version: 5.6.2
  resolution: "nano-css@npm:5.6.2"
  dependencies:
    "@jridgewell/sourcemap-codec": ^1.4.15
    css-tree: ^1.1.2
    csstype: ^3.1.2
    fastest-stable-stringify: ^2.0.2
    inline-style-prefixer: ^7.0.1
    rtl-css-js: ^1.16.1
    stacktrace-js: ^2.0.2
    stylis: ^4.3.0
  peerDependencies:
    react: "*"
    react-dom: "*"
  checksum: 85d5e730798387bee3090e9943801489ec4269bd376a848b75515cf0f44dc7ce53d4a9fec575081a7dff53a8a5d4b00eebdc1bbf217d75fae7195819f917aba1
  languageName: node
  linkType: hard

"react-dom@npm:~19.1":
  version: 19.1.0
  resolution: "react-dom@npm:19.1.0"
  dependencies:
    scheduler: ^0.26.0
  peerDependencies:
    react: ^19.1.0
  checksum: 1d154b6543467095ac269e61ca59db546f34ef76bcdeb90f2dad41d682cd210aae492e70c85010ed5d0a2caea225e9a55139ebc1a615ee85bf197d7f99678cdf
  languageName: node
  linkType: hard

"react-universal-interface@npm:^0.6.2":
  version: 0.6.2
  resolution: "react-universal-interface@npm:0.6.2"
  peerDependencies:
    react: "*"
    tslib: "*"
  checksum: 070a7e9e3cdd8b0ec91a2ac9ac0a8df6bcb3fd183d2775bf0f439b9870fc1faf5b4fa9fe9741abd5187f0a35be645cb4004e1c9ebda9ada7e5d0a624f94910cb
  languageName: node
  linkType: hard

"react-use@npm:~17.6":
  version: 17.6.0
  resolution: "react-use@npm:17.6.0"
  dependencies:
    "@types/js-cookie": ^2.2.6
    "@xobotyi/scrollbar-width": ^1.9.5
    copy-to-clipboard: ^3.3.1
    fast-deep-equal: ^3.1.3
    fast-shallow-equal: ^1.0.0
    js-cookie: ^2.2.1
    nano-css: ^5.6.2
    react-universal-interface: ^0.6.2
    resize-observer-polyfill: ^1.5.1
    screenfull: ^5.1.0
    set-harmonic-interval: ^1.0.1
    throttle-debounce: ^3.0.1
    ts-easing: ^0.2.0
    tslib: ^2.1.0
  peerDependencies:
    react: "*"
    react-dom: "*"
  checksum: c76de18b56b554bfbb28199e4ad4098f4e4ab15f0d3cefef661a7a5e6a4c167ae85390fc7bc648c34b80c17498abf1e8223d7078f3e51c09e4da70e11a41a54e
  languageName: node
  linkType: hard

"react@npm:~19.1":
  version: 19.1.0
  resolution: "react@npm:19.1.0"
  checksum: c0905f8cfb878b0543a5522727e5ed79c67c8111dc16ceee135b7fe19dce77b2c1c19293513061a8934e721292bfc1517e0487e262d1906f306bdf95fa54d02f
  languageName: node
  linkType: hard

"resize-observer-polyfill@npm:^1.5.1":
  version: 1.5.1
  resolution: "resize-observer-polyfill@npm:1.5.1"
  checksum: 57e7f79489867b00ba43c9c051524a5c8f162a61d5547e99333549afc23e15c44fd43f2f318ea0261ea98c0eb3158cca261e6f48d66e1ed1cd1f340a43977094
  languageName: node
  linkType: hard

"rtl-css-js@npm:^1.16.1":
  version: 1.16.1
  resolution: "rtl-css-js@npm:1.16.1"
  dependencies:
    "@babel/runtime": ^7.1.2
  checksum: 7d9ab942098eee565784ccf957f6b7dfa78ea1eec7c6bffedc6641575d274189e90752537c7bdba1f43ae6534648144f467fd6d581527455ba626a4300e62c7a
  languageName: node
  linkType: hard

"scheduler@npm:^0.26.0":
  version: 0.26.0
  resolution: "scheduler@npm:0.26.0"
  checksum: c63a9f1c0e5089b537231cff6c11f75455b5c8625ae09535c1d7cd0a1b0c77ceecdd9f1074e5e063da5d8dc11e73e8033dcac3361791088be08a6e60c0283ed9
  languageName: node
  linkType: hard

"screenfull@npm:^5.1.0":
  version: 5.2.0
  resolution: "screenfull@npm:5.2.0"
  checksum: 21eae33b780eb4679ea0ea2d14734b11168cf35049c45a2bf24ddeb39c67a788e7a8fb46d8b61ca6d8367fd67ce9dd4fc8bfe476489249c7189c2a79cf83f51a
  languageName: node
  linkType: hard

"set-harmonic-interval@npm:^1.0.1":
  version: 1.0.1
  resolution: "set-harmonic-interval@npm:1.0.1"
  checksum: c122b831c2e0b1fb812e5e9d065094b9d174bd0576f9a779ab7a7d8881c8f6dd7d5fcab9a2553da15eea670eb598f9dd4d5162b626d45cc9c529706aa1444a84
  languageName: node
  linkType: hard

"source-map@npm:0.5.6":
  version: 0.5.6
  resolution: "source-map@npm:0.5.6"
  checksum: 390b3f5165c9631a74fb6fb55ba61e62a7f9b7d4026ae0e2bfc2899c241d71c1bccb8731c496dc7f7cb79a5f523406eb03d8c5bebe8448ee3fc38168e2d209c8
  languageName: node
  linkType: hard

"source-map@npm:^0.6.1":
  version: 0.6.1
  resolution: "source-map@npm:0.6.1"
  checksum: 59ce8640cf3f3124f64ac289012c2b8bd377c238e316fb323ea22fbfe83da07d81e000071d7242cad7a23cd91c7de98e4df8830ec3f133cb6133a5f6e9f67bc2
  languageName: node
  linkType: hard

"stack-generator@npm:^2.0.5":
  version: 2.0.10
  resolution: "stack-generator@npm:2.0.10"
  dependencies:
    stackframe: ^1.3.4
  checksum: 4fc3978a934424218a0aa9f398034e1f78153d5ff4f4ff9c62478c672debb47dd58de05b09fc3900530cbb526d72c93a6e6c9353bacc698e3b1c00ca3dda0c47
  languageName: node
  linkType: hard

"stackframe@npm:^1.3.4":
  version: 1.3.4
  resolution: "stackframe@npm:1.3.4"
  checksum: bae1596873595c4610993fa84f86a3387d67586401c1816ea048c0196800c0646c4d2da98c2ee80557fd9eff05877efe33b91ba6cd052658ed96ddc85d19067d
  languageName: node
  linkType: hard

"stacktrace-gps@npm:^3.0.4":
  version: 3.1.2
  resolution: "stacktrace-gps@npm:3.1.2"
  dependencies:
    source-map: 0.5.6
    stackframe: ^1.3.4
  checksum: 85daa232d138239b6ae0f4bcdd87d15d302a045d93625db17614030945b5314e204b5fbcf9bee5b6f4f9e6af5fca05f65c27fe910894b861ef6853b99470aa1c
  languageName: node
  linkType: hard

"stacktrace-js@npm:^2.0.2":
  version: 2.0.2
  resolution: "stacktrace-js@npm:2.0.2"
  dependencies:
    error-stack-parser: ^2.0.6
    stack-generator: ^2.0.5
    stacktrace-gps: ^3.0.4
  checksum: 081e786d56188ac04ac6604c09cd863b3ca2b4300ec061366cf68c3e4ad9edaa34fb40deea03cc23a05f442aa341e9171f47313f19bd588f9bec6c505a396286
  languageName: node
  linkType: hard

"stylis@npm:^4.3.0":
  version: 4.3.6
  resolution: "stylis@npm:4.3.6"
  checksum: 4f56a087caace85b34c3a163cf9d662f58f42dc865b2447af5c3ee3588eebaffe90875fe294578cce26f172ff527cad2b01433f6e1ae156400ec38c37c79fd61
  languageName: node
  linkType: hard

"throttle-debounce@npm:^3.0.1":
  version: 3.0.1
  resolution: "throttle-debounce@npm:3.0.1"
  checksum: e34ef638e8df3a9154249101b68afcbf2652a139c803415ef8a2f6a8bc577bcd4d79e4bb914ad3cd206523ac78b9fb7e80885bfa049f64fbb1927f99d98b5736
  languageName: node
  linkType: hard

"toggle-selection@npm:^1.0.6":
  version: 1.0.6
  resolution: "toggle-selection@npm:1.0.6"
  checksum: a90dc80ed1e7b18db8f4e16e86a5574f87632dc729cfc07d9ea3ced50021ad42bb4e08f22c0913e0b98e3837b0b717e0a51613c65f30418e21eb99da6556a74c
  languageName: node
  linkType: hard

"ts-easing@npm:^0.2.0":
  version: 0.2.0
  resolution: "ts-easing@npm:0.2.0"
  checksum: e67ee862acca3b2e2718e736f31999adcef862d0df76d76a0e138588728d8a87dfec9978556044640bd0e90203590ad88ac2fe8746d0e9959b8d399132315150
  languageName: node
  linkType: hard

"tslib@npm:^2.1.0":
  version: 2.8.1
  resolution: "tslib@npm:2.8.1"
  checksum: e4aba30e632b8c8902b47587fd13345e2827fa639e7c3121074d5ee0880723282411a8838f830b55100cbe4517672f84a2472667d355b81e8af165a55dc6203a
  languageName: node
  linkType: hard
